// !$*UTF8*$!
{
	archiveVersion = 1;
	classes = {
	};
	objectVersion = 50;
	objects = {

/* Begin PBXBuildFile section */
		14FE45175C5F48E10D1E827B /* Pods_MedKitTests.framework in Frameworks */ = {isa = PBXBuildFile; fileRef = 07F348E6945A13B402AABEFE /* Pods_MedKitTests.framework */; };
		6CE2F87122BAAE0600ABB840 /* AppDelegate.swift in Sources */ = {isa = PBXBuildFile; fileRef = 6CE2F87022BAAE0600ABB840 /* AppDelegate.swift */; };
		6CE2F87322BAAE0600ABB840 /* ViewController.swift in Sources */ = {isa = PBXBuildFile; fileRef = 6CE2F87222BAAE0600ABB840 /* ViewController.swift */; };
		6CE2F87622BAAE0600ABB840 /* Main.storyboard in Resources */ = {isa = PBXBuildFile; fileRef = 6CE2F87422BAAE0600ABB840 /* Main.storyboard */; };
		6CE2F87922BAAE0600ABB840 /* MedKit.xcdatamodeld in Sources */ = {isa = PBXBuildFile; fileRef = 6CE2F87722BAAE0600ABB840 /* MedKit.xcdatamodeld */; };
		6CE2F87B22BAAE0700ABB840 /* Assets.xcassets in Resources */ = {isa = PBXBuildFile; fileRef = 6CE2F87A22BAAE0700ABB840 /* Assets.xcassets */; };
		6CE2F87E22BAAE0700ABB840 /* LaunchScreen.storyboard in Resources */ = {isa = PBXBuildFile; fileRef = 6CE2F87C22BAAE0700ABB840 /* LaunchScreen.storyboard */; };
		6CE2F88922BAAE0800ABB840 /* MedKitTests.swift in Sources */ = {isa = PBXBuildFile; fileRef = 6CE2F88822BAAE0800ABB840 /* MedKitTests.swift */; };
		6CE2F89422BAAE0800ABB840 /* MedKitUITests.swift in Sources */ = {isa = PBXBuildFile; fileRef = 6CE2F89322BAAE0800ABB840 /* MedKitUITests.swift */; };
		B2FBC2427DBCA426936A055A /* Pods_MedKit.framework in Frameworks */ = {isa = PBXBuildFile; fileRef = 29A3FAEA9E2B546BFF7D07AA /* Pods_MedKit.framework */; };
		B5E0B4B635757F728FE74087 /* Pods_MedKitUITests.framework in Frameworks */ = {isa = PBXBuildFile; fileRef = 4260957E150A0065A23B5C87 /* Pods_MedKitUITests.framework */; };
/* End PBXBuildFile section */

/* Begin PBXContainerItemProxy section */
		6CE2F88522BAAE0800ABB840 /* PBXContainerItemProxy */ = {
			isa = PBXContainerItemProxy;
			containerPortal = 6CE2F86522BAAE0600ABB840 /* Project object */;
			proxyType = 1;
			remoteGlobalIDString = 6CE2F86C22BAAE0600ABB840;
			remoteInfo = MedKit;
		};
		6CE2F89022BAAE0800ABB840 /* PBXContainerItemProxy */ = {
			isa = PBXContainerItemProxy;
			containerPortal = 6CE2F86522BAAE0600ABB840 /* Project object */;
			proxyType = 1;
			remoteGlobalIDString = 6CE2F86C22BAAE0600ABB840;
			remoteInfo = MedKit;
		};
/* End PBXContainerItemProxy section */

/* Begin PBXFileReference section */
		07F348E6945A13B402AABEFE /* Pods_MedKitTests.framework */ = {isa = PBXFileReference; explicitFileType = wrapper.framework; includeInIndex = 0; path = Pods_MedKitTests.framework; sourceTree = BUILT_PRODUCTS_DIR; };
		29A3FAEA9E2B546BFF7D07AA /* Pods_MedKit.framework */ = {isa = PBXFileReference; explicitFileType = wrapper.framework; includeInIndex = 0; path = Pods_MedKit.framework; sourceTree = BUILT_PRODUCTS_DIR; };
		4260957E150A0065A23B5C87 /* Pods_MedKitUITests.framework */ = {isa = PBXFileReference; explicitFileType = wrapper.framework; includeInIndex = 0; path = Pods_MedKitUITests.framework; sourceTree = BUILT_PRODUCTS_DIR; };
		49C48FDE64DAACF6842ADBD3 /* Pods-MedKit.release.xcconfig */ = {isa = PBXFileReference; includeInIndex = 1; lastKnownFileType = text.xcconfig; name = "Pods-MedKit.release.xcconfig"; path = "Target Support Files/Pods-MedKit/Pods-MedKit.release.xcconfig"; sourceTree = "<group>"; };
		6CE2F86D22BAAE0600ABB840 /* MedKit.app */ = {isa = PBXFileReference; explicitFileType = wrapper.application; includeInIndex = 0; path = MedKit.app; sourceTree = BUILT_PRODUCTS_DIR; };
		6CE2F87022BAAE0600ABB840 /* AppDelegate.swift */ = {isa = PBXFileReference; lastKnownFileType = sourcecode.swift; path = AppDelegate.swift; sourceTree = "<group>"; };
		6CE2F87222BAAE0600ABB840 /* ViewController.swift */ = {isa = PBXFileReference; lastKnownFileType = sourcecode.swift; path = ViewController.swift; sourceTree = "<group>"; };
		6CE2F87522BAAE0600ABB840 /* Base */ = {isa = PBXFileReference; lastKnownFileType = file.storyboard; name = Base; path = Base.lproj/Main.storyboard; sourceTree = "<group>"; };
		6CE2F87822BAAE0600ABB840 /* MedKit.xcdatamodel */ = {isa = PBXFileReference; lastKnownFileType = wrapper.xcdatamodel; path = MedKit.xcdatamodel; sourceTree = "<group>"; };
		6CE2F87A22BAAE0700ABB840 /* Assets.xcassets */ = {isa = PBXFileReference; lastKnownFileType = folder.assetcatalog; path = Assets.xcassets; sourceTree = "<group>"; };
		6CE2F87D22BAAE0700ABB840 /* Base */ = {isa = PBXFileReference; lastKnownFileType = file.storyboard; name = Base; path = Base.lproj/LaunchScreen.storyboard; sourceTree = "<group>"; };
		6CE2F87F22BAAE0700ABB840 /* Info.plist */ = {isa = PBXFileReference; lastKnownFileType = text.plist.xml; path = Info.plist; sourceTree = "<group>"; };
		6CE2F88422BAAE0800ABB840 /* MedKitTests.xctest */ = {isa = PBXFileReference; explicitFileType = wrapper.cfbundle; includeInIndex = 0; path = MedKitTests.xctest; sourceTree = BUILT_PRODUCTS_DIR; };
		6CE2F88822BAAE0800ABB840 /* MedKitTests.swift */ = {isa = PBXFileReference; lastKnownFileType = sourcecode.swift; path = MedKitTests.swift; sourceTree = "<group>"; };
		6CE2F88A22BAAE0800ABB840 /* Info.plist */ = {isa = PBXFileReference; lastKnownFileType = text.plist.xml; path = Info.plist; sourceTree = "<group>"; };
		6CE2F88F22BAAE0800ABB840 /* MedKitUITests.xctest */ = {isa = PBXFileReference; explicitFileType = wrapper.cfbundle; includeInIndex = 0; path = MedKitUITests.xctest; sourceTree = BUILT_PRODUCTS_DIR; };
		6CE2F89322BAAE0800ABB840 /* MedKitUITests.swift */ = {isa = PBXFileReference; lastKnownFileType = sourcecode.swift; path = MedKitUITests.swift; sourceTree = "<group>"; };
		6CE2F89522BAAE0800ABB840 /* Info.plist */ = {isa = PBXFileReference; lastKnownFileType = text.plist.xml; path = Info.plist; sourceTree = "<group>"; };
		6FB7560178C7AB71F1FD8156 /* Pods-MedKitUITests.release.xcconfig */ = {isa = PBXFileReference; includeInIndex = 1; lastKnownFileType = text.xcconfig; name = "Pods-MedKitUITests.release.xcconfig"; path = "Target Support Files/Pods-MedKitUITests/Pods-MedKitUITests.release.xcconfig"; sourceTree = "<group>"; };
		849DE80994446F068ABBBBDB /* Pods-MedKit.debug.xcconfig */ = {isa = PBXFileReference; includeInIndex = 1; lastKnownFileType = text.xcconfig; name = "Pods-MedKit.debug.xcconfig"; path = "Target Support Files/Pods-MedKit/Pods-MedKit.debug.xcconfig"; sourceTree = "<group>"; };
		8CB2359C522F2859043CE885 /* Pods-MedKitUITests.debug.xcconfig */ = {isa = PBXFileReference; includeInIndex = 1; lastKnownFileType = text.xcconfig; name = "Pods-MedKitUITests.debug.xcconfig"; path = "Target Support Files/Pods-MedKitUITests/Pods-MedKitUITests.debug.xcconfig"; sourceTree = "<group>"; };
		9586B1EF845DCBECEB477D2D /* Pods-MedKitTests.release.xcconfig */ = {isa = PBXFileReference; includeInIndex = 1; lastKnownFileType = text.xcconfig; name = "Pods-MedKitTests.release.xcconfig"; path = "Target Support Files/Pods-MedKitTests/Pods-MedKitTests.release.xcconfig"; sourceTree = "<group>"; };
		983866AE4E6719AC3DFEF3D3 /* Pods-MedKitTests.debug.xcconfig */ = {isa = PBXFileReference; includeInIndex = 1; lastKnownFileType = text.xcconfig; name = "Pods-MedKitTests.debug.xcconfig"; path = "Target Support Files/Pods-MedKitTests/Pods-MedKitTests.debug.xcconfig"; sourceTree = "<group>"; };
/* End PBXFileReference section */

/* Begin PBXFrameworksBuildPhase section */
		6CE2F86A22BAAE0600ABB840 /* Frameworks */ = {
			isa = PBXFrameworksBuildPhase;
			buildActionMask = 2147483647;
			files = (
				B2FBC2427DBCA426936A055A /* Pods_MedKit.framework in Frameworks */,
			);
			runOnlyForDeploymentPostprocessing = 0;
		};
		6CE2F88122BAAE0800ABB840 /* Frameworks */ = {
			isa = PBXFrameworksBuildPhase;
			buildActionMask = 2147483647;
			files = (
				14FE45175C5F48E10D1E827B /* Pods_MedKitTests.framework in Frameworks */,
			);
			runOnlyForDeploymentPostprocessing = 0;
		};
		6CE2F88C22BAAE0800ABB840 /* Frameworks */ = {
			isa = PBXFrameworksBuildPhase;
			buildActionMask = 2147483647;
			files = (
				B5E0B4B635757F728FE74087 /* Pods_MedKitUITests.framework in Frameworks */,
			);
			runOnlyForDeploymentPostprocessing = 0;
		};
/* End PBXFrameworksBuildPhase section */

/* Begin PBXGroup section */
		6CE2F86422BAAE0600ABB840 = {
			isa = PBXGroup;
			children = (
				6CE2F86F22BAAE0600ABB840 /* MedKit */,
				6CE2F88722BAAE0800ABB840 /* MedKitTests */,
				6CE2F89222BAAE0800ABB840 /* MedKitUITests */,
				6CE2F86E22BAAE0600ABB840 /* Products */,
				F7584E455C766ABC7DBC96ED /* Pods */,
				D2E955CEAF136400FDEF013C /* Frameworks */,
			);
			sourceTree = "<group>";
		};
		6CE2F86E22BAAE0600ABB840 /* Products */ = {
			isa = PBXGroup;
			children = (
				6CE2F86D22BAAE0600ABB840 /* MedKit.app */,
				6CE2F88422BAAE0800ABB840 /* MedKitTests.xctest */,
				6CE2F88F22BAAE0800ABB840 /* MedKitUITests.xctest */,
			);
			name = Products;
			sourceTree = "<group>";
		};
		6CE2F86F22BAAE0600ABB840 /* MedKit */ = {
			isa = PBXGroup;
			children = (
				6CE2F87022BAAE0600ABB840 /* AppDelegate.swift */,
				6CE2F87222BAAE0600ABB840 /* ViewController.swift */,
				6CE2F87422BAAE0600ABB840 /* Main.storyboard */,
				6CE2F87A22BAAE0700ABB840 /* Assets.xcassets */,
				6CE2F87C22BAAE0700ABB840 /* LaunchScreen.storyboard */,
				6CE2F87F22BAAE0700ABB840 /* Info.plist */,
				6CE2F87722BAAE0600ABB840 /* MedKit.xcdatamodeld */,
			);
			path = MedKit;
			sourceTree = "<group>";
		};
		6CE2F88722BAAE0800ABB840 /* MedKitTests */ = {
			isa = PBXGroup;
			children = (
				6CE2F88822BAAE0800ABB840 /* MedKitTests.swift */,
				6CE2F88A22BAAE0800ABB840 /* Info.plist */,
			);
			path = MedKitTests;
			sourceTree = "<group>";
		};
		6CE2F89222BAAE0800ABB840 /* MedKitUITests */ = {
			isa = PBXGroup;
			children = (
				6CE2F89322BAAE0800ABB840 /* MedKitUITests.swift */,
				6CE2F89522BAAE0800ABB840 /* Info.plist */,
			);
			path = MedKitUITests;
			sourceTree = "<group>";
		};
		D2E955CEAF136400FDEF013C /* Frameworks */ = {
			isa = PBXGroup;
			children = (
				29A3FAEA9E2B546BFF7D07AA /* Pods_MedKit.framework */,
				07F348E6945A13B402AABEFE /* Pods_MedKitTests.framework */,
				4260957E150A0065A23B5C87 /* Pods_MedKitUITests.framework */,
			);
			name = Frameworks;
			sourceTree = "<group>";
		};
		F7584E455C766ABC7DBC96ED /* Pods */ = {
			isa = PBXGroup;
			children = (
				849DE80994446F068ABBBBDB /* Pods-MedKit.debug.xcconfig */,
				49C48FDE64DAACF6842ADBD3 /* Pods-MedKit.release.xcconfig */,
				983866AE4E6719AC3DFEF3D3 /* Pods-MedKitTests.debug.xcconfig */,
				9586B1EF845DCBECEB477D2D /* Pods-MedKitTests.release.xcconfig */,
				8CB2359C522F2859043CE885 /* Pods-MedKitUITests.debug.xcconfig */,
				6FB7560178C7AB71F1FD8156 /* Pods-MedKitUITests.release.xcconfig */,
			);
			name = Pods;
			path = Pods;
			sourceTree = "<group>";
		};
/* End PBXGroup section */

/* Begin PBXNativeTarget section */
		6CE2F86C22BAAE0600ABB840 /* MedKit */ = {
			isa = PBXNativeTarget;
			buildConfigurationList = 6CE2F89822BAAE0800ABB840 /* Build configuration list for PBXNativeTarget "MedKit" */;
			buildPhases = (
				7B0EB2E29B79FF83CAFEC587 /* [CP] Check Pods Manifest.lock */,
				6CE2F86922BAAE0600ABB840 /* Sources */,
				6CE2F86A22BAAE0600ABB840 /* Frameworks */,
				6CE2F86B22BAAE0600ABB840 /* Resources */,
				1896CC969F727AC845D442F9 /* [CP] Copy Pods Resources */,
			);
			buildRules = (
			);
			dependencies = (
			);
			name = MedKit;
			productName = MedKit;
			productReference = 6CE2F86D22BAAE0600ABB840 /* MedKit.app */;
			productType = "com.apple.product-type.application";
		};
		6CE2F88322BAAE0800ABB840 /* MedKitTests */ = {
			isa = PBXNativeTarget;
			buildConfigurationList = 6CE2F89B22BAAE0800ABB840 /* Build configuration list for PBXNativeTarget "MedKitTests" */;
			buildPhases = (
				3B56E714F2CBA9311EE4E3A4 /* [CP] Check Pods Manifest.lock */,
				6CE2F88022BAAE0800ABB840 /* Sources */,
				6CE2F88122BAAE0800ABB840 /* Frameworks */,
				6CE2F88222BAAE0800ABB840 /* Resources */,
			);
			buildRules = (
			);
			dependencies = (
				6CE2F88622BAAE0800ABB840 /* PBXTargetDependency */,
			);
			name = MedKitTests;
			productName = MedKitTests;
			productReference = 6CE2F88422BAAE0800ABB840 /* MedKitTests.xctest */;
			productType = "com.apple.product-type.bundle.unit-test";
		};
		6CE2F88E22BAAE0800ABB840 /* MedKitUITests */ = {
			isa = PBXNativeTarget;
			buildConfigurationList = 6CE2F89E22BAAE0800ABB840 /* Build configuration list for PBXNativeTarget "MedKitUITests" */;
			buildPhases = (
				DE6701579A09647D27CD7BB4 /* [CP] Check Pods Manifest.lock */,
				6CE2F88B22BAAE0800ABB840 /* Sources */,
				6CE2F88C22BAAE0800ABB840 /* Frameworks */,
				6CE2F88D22BAAE0800ABB840 /* Resources */,
			);
			buildRules = (
			);
			dependencies = (
				6CE2F89122BAAE0800ABB840 /* PBXTargetDependency */,
			);
			name = MedKitUITests;
			productName = MedKitUITests;
			productReference = 6CE2F88F22BAAE0800ABB840 /* MedKitUITests.xctest */;
			productType = "com.apple.product-type.bundle.ui-testing";
		};
/* End PBXNativeTarget section */

/* Begin PBXProject section */
		6CE2F86522BAAE0600ABB840 /* Project object */ = {
			isa = PBXProject;
			attributes = {
				LastSwiftUpdateCheck = 1010;
				LastUpgradeCheck = 1010;
				ORGANIZATIONNAME = MedKit;
				TargetAttributes = {
					6CE2F86C22BAAE0600ABB840 = {
						CreatedOnToolsVersion = 10.1;
					};
					6CE2F88322BAAE0800ABB840 = {
						CreatedOnToolsVersion = 10.1;
						TestTargetID = 6CE2F86C22BAAE0600ABB840;
					};
					6CE2F88E22BAAE0800ABB840 = {
						CreatedOnToolsVersion = 10.1;
						TestTargetID = 6CE2F86C22BAAE0600ABB840;
					};
				};
			};
			buildConfigurationList = 6CE2F86822BAAE0600ABB840 /* Build configuration list for PBXProject "MedKit" */;
			compatibilityVersion = "Xcode 9.3";
			developmentRegion = en;
			hasScannedForEncodings = 0;
			knownRegions = (
				en,
				Base,
			);
			mainGroup = 6CE2F86422BAAE0600ABB840;
			productRefGroup = 6CE2F86E22BAAE0600ABB840 /* Products */;
			projectDirPath = "";
			projectRoot = "";
			targets = (
				6CE2F86C22BAAE0600ABB840 /* MedKit */,
				6CE2F88322BAAE0800ABB840 /* MedKitTests */,
				6CE2F88E22BAAE0800ABB840 /* MedKitUITests */,
			);
		};
/* End PBXProject section */

/* Begin PBXResourcesBuildPhase section */
		6CE2F86B22BAAE0600ABB840 /* Resources */ = {
			isa = PBXResourcesBuildPhase;
			buildActionMask = 2147483647;
			files = (
				6CE2F87E22BAAE0700ABB840 /* LaunchScreen.storyboard in Resources */,
				6CE2F87B22BAAE0700ABB840 /* Assets.xcassets in Resources */,
				6CE2F87622BAAE0600ABB840 /* Main.storyboard in Resources */,
			);
			runOnlyForDeploymentPostprocessing = 0;
		};
		6CE2F88222BAAE0800ABB840 /* Resources */ = {
			isa = PBXResourcesBuildPhase;
			buildActionMask = 2147483647;
			files = (
			);
			runOnlyForDeploymentPostprocessing = 0;
		};
		6CE2F88D22BAAE0800ABB840 /* Resources */ = {
			isa = PBXResourcesBuildPhase;
			buildActionMask = 2147483647;
			files = (
			);
			runOnlyForDeploymentPostprocessing = 0;
		};
/* End PBXResourcesBuildPhase section */

/* Begin PBXShellScriptBuildPhase section */
		1896CC969F727AC845D442F9 /* [CP] Copy Pods Resources */ = {
			isa = PBXShellScriptBuildPhase;
			buildActionMask = 2147483647;
			files = (
			);
			inputFileListPaths = (
			);
			inputPaths = (
				"${PODS_ROOT}/Target Support Files/Pods-MedKit/Pods-MedKit-resources.sh",
				"${PODS_ROOT}/AccountKit/AccountKitStrings.bundle",
			);
			name = "[CP] Copy Pods Resources";
			outputFileListPaths = (
			);
			outputPaths = (
				"${TARGET_BUILD_DIR}/${UNLOCALIZED_RESOURCES_FOLDER_PATH}/AccountKitStrings.bundle",
			);
			runOnlyForDeploymentPostprocessing = 0;
			shellPath = /bin/sh;
			shellScript = "\"${PODS_ROOT}/Target Support Files/Pods-MedKit/Pods-MedKit-resources.sh\"\n";
			showEnvVarsInLog = 0;
		};
		3B56E714F2CBA9311EE4E3A4 /* [CP] Check Pods Manifest.lock */ = {
			isa = PBXShellScriptBuildPhase;
			buildActionMask = 2147483647;
			files = (
			);
			inputFileListPaths = (
			);
			inputPaths = (
				"${PODS_PODFILE_DIR_PATH}/Podfile.lock",
				"${PODS_ROOT}/Manifest.lock",
			);
			name = "[CP] Check Pods Manifest.lock";
			outputFileListPaths = (
			);
			outputPaths = (
				"$(DERIVED_FILE_DIR)/Pods-MedKitTests-checkManifestLockResult.txt",
			);
			runOnlyForDeploymentPostprocessing = 0;
			shellPath = /bin/sh;
			shellScript = "diff \"${PODS_PODFILE_DIR_PATH}/Podfile.lock\" \"${PODS_ROOT}/Manifest.lock\" > /dev/null\nif [ $? != 0 ] ; then\n    # print error to STDERR\n    echo \"error: The sandbox is not in sync with the Podfile.lock. Run 'pod install' or update your CocoaPods installation.\" >&2\n    exit 1\nfi\n# This output is used by Xcode 'outputs' to avoid re-running this script phase.\necho \"SUCCESS\" > \"${SCRIPT_OUTPUT_FILE_0}\"\n";
			showEnvVarsInLog = 0;
		};
		7B0EB2E29B79FF83CAFEC587 /* [CP] Check Pods Manifest.lock */ = {
			isa = PBXShellScriptBuildPhase;
			buildActionMask = 2147483647;
			files = (
			);
			inputFileListPaths = (
			);
			inputPaths = (
				"${PODS_PODFILE_DIR_PATH}/Podfile.lock",
				"${PODS_ROOT}/Manifest.lock",
			);
			name = "[CP] Check Pods Manifest.lock";
			outputFileListPaths = (
			);
			outputPaths = (
				"$(DERIVED_FILE_DIR)/Pods-MedKit-checkManifestLockResult.txt",
			);
			runOnlyForDeploymentPostprocessing = 0;
			shellPath = /bin/sh;
			shellScript = "diff \"${PODS_PODFILE_DIR_PATH}/Podfile.lock\" \"${PODS_ROOT}/Manifest.lock\" > /dev/null\nif [ $? != 0 ] ; then\n    # print error to STDERR\n    echo \"error: The sandbox is not in sync with the Podfile.lock. Run 'pod install' or update your CocoaPods installation.\" >&2\n    exit 1\nfi\n# This output is used by Xcode 'outputs' to avoid re-running this script phase.\necho \"SUCCESS\" > \"${SCRIPT_OUTPUT_FILE_0}\"\n";
			showEnvVarsInLog = 0;
		};
		DE6701579A09647D27CD7BB4 /* [CP] Check Pods Manifest.lock */ = {
			isa = PBXShellScriptBuildPhase;
			buildActionMask = 2147483647;
			files = (
			);
			inputFileListPaths = (
			);
			inputPaths = (
				"${PODS_PODFILE_DIR_PATH}/Podfile.lock",
				"${PODS_ROOT}/Manifest.lock",
			);
			name = "[CP] Check Pods Manifest.lock";
			outputFileListPaths = (
			);
			outputPaths = (
				"$(DERIVED_FILE_DIR)/Pods-MedKitUITests-checkManifestLockResult.txt",
			);
			runOnlyForDeploymentPostprocessing = 0;
			shellPath = /bin/sh;
			shellScript = "diff \"${PODS_PODFILE_DIR_PATH}/Podfile.lock\" \"${PODS_ROOT}/Manifest.lock\" > /dev/null\nif [ $? != 0 ] ; then\n    # print error to STDERR\n    echo \"error: The sandbox is not in sync with the Podfile.lock. Run 'pod install' or update your CocoaPods installation.\" >&2\n    exit 1\nfi\n# This output is used by Xcode 'outputs' to avoid re-running this script phase.\necho \"SUCCESS\" > \"${SCRIPT_OUTPUT_FILE_0}\"\n";
			showEnvVarsInLog = 0;
		};
/* End PBXShellScriptBuildPhase section */

/* Begin PBXSourcesBuildPhase section */
		6CE2F86922BAAE0600ABB840 /* Sources */ = {
			isa = PBXSourcesBuildPhase;
			buildActionMask = 2147483647;
			files = (
				6CE2F87322BAAE0600ABB840 /* ViewController.swift in Sources */,
				6CE2F87922BAAE0600ABB840 /* MedKit.xcdatamodeld in Sources */,
				6CE2F87122BAAE0600ABB840 /* AppDelegate.swift in Sources */,
			);
			runOnlyForDeploymentPostprocessing = 0;
		};
		6CE2F88022BAAE0800ABB840 /* Sources */ = {
			isa = PBXSourcesBuildPhase;
			buildActionMask = 2147483647;
			files = (
				6CE2F88922BAAE0800ABB840 /* MedKitTests.swift in Sources */,
			);
			runOnlyForDeploymentPostprocessing = 0;
		};
		6CE2F88B22BAAE0800ABB840 /* Sources */ = {
			isa = PBXSourcesBuildPhase;
			buildActionMask = 2147483647;
			files = (
				6CE2F89422BAAE0800ABB840 /* MedKitUITests.swift in Sources */,
			);
			runOnlyForDeploymentPostprocessing = 0;
		};
/* End PBXSourcesBuildPhase section */

/* Begin PBXTargetDependency section */
		6CE2F88622BAAE0800ABB840 /* PBXTargetDependency */ = {
			isa = PBXTargetDependency;
			target = 6CE2F86C22BAAE0600ABB840 /* MedKit */;
			targetProxy = 6CE2F88522BAAE0800ABB840 /* PBXContainerItemProxy */;
		};
		6CE2F89122BAAE0800ABB840 /* PBXTargetDependency */ = {
			isa = PBXTargetDependency;
			target = 6CE2F86C22BAAE0600ABB840 /* MedKit */;
			targetProxy = 6CE2F89022BAAE0800ABB840 /* PBXContainerItemProxy */;
		};
/* End PBXTargetDependency section */

/* Begin PBXVariantGroup section */
		6CE2F87422BAAE0600ABB840 /* Main.storyboard */ = {
			isa = PBXVariantGroup;
			children = (
				6CE2F87522BAAE0600ABB840 /* Base */,
			);
			name = Main.storyboard;
			sourceTree = "<group>";
		};
		6CE2F87C22BAAE0700ABB840 /* LaunchScreen.storyboard */ = {
			isa = PBXVariantGroup;
			children = (
				6CE2F87D22BAAE0700ABB840 /* Base */,
			);
			name = LaunchScreen.storyboard;
			sourceTree = "<group>";
		};
/* End PBXVariantGroup section */

/* Begin XCBuildConfiguration section */
		6CE2F89622BAAE0800ABB840 /* Debug */ = {
			isa = XCBuildConfiguration;
			buildSettings = {
				ALWAYS_SEARCH_USER_PATHS = NO;
				CLANG_ANALYZER_NONNULL = YES;
				CLANG_ANALYZER_NUMBER_OBJECT_CONVERSION = YES_AGGRESSIVE;
				CLANG_CXX_LANGUAGE_STANDARD = "gnu++14";
				CLANG_CXX_LIBRARY = "libc++";
				CLANG_ENABLE_MODULES = YES;
				CLANG_ENABLE_OBJC_ARC = YES;
				CLANG_ENABLE_OBJC_WEAK = YES;
				CLANG_WARN_BLOCK_CAPTURE_AUTORELEASING = YES;
				CLANG_WARN_BOOL_CONVERSION = YES;
				CLANG_WARN_COMMA = YES;
				CLANG_WARN_CONSTANT_CONVERSION = YES;
				CLANG_WARN_DEPRECATED_OBJC_IMPLEMENTATIONS = YES;
				CLANG_WARN_DIRECT_OBJC_ISA_USAGE = YES_ERROR;
				CLANG_WARN_DOCUMENTATION_COMMENTS = YES;
				CLANG_WARN_EMPTY_BODY = YES;
				CLANG_WARN_ENUM_CONVERSION = YES;
				CLANG_WARN_INFINITE_RECURSION = YES;
				CLANG_WARN_INT_CONVERSION = YES;
				CLANG_WARN_NON_LITERAL_NULL_CONVERSION = YES;
				CLANG_WARN_OBJC_IMPLICIT_RETAIN_SELF = YES;
				CLANG_WARN_OBJC_LITERAL_CONVERSION = YES;
				CLANG_WARN_OBJC_ROOT_CLASS = YES_ERROR;
				CLANG_WARN_RANGE_LOOP_ANALYSIS = YES;
				CLANG_WARN_STRICT_PROTOTYPES = YES;
				CLANG_WARN_SUSPICIOUS_MOVE = YES;
				CLANG_WARN_UNGUARDED_AVAILABILITY = YES_AGGRESSIVE;
				CLANG_WARN_UNREACHABLE_CODE = YES;
				CLANG_WARN__DUPLICATE_METHOD_MATCH = YES;
				CODE_SIGN_IDENTITY = "iPhone Developer";
				COPY_PHASE_STRIP = NO;
				DEBUG_INFORMATION_FORMAT = dwarf;
				ENABLE_STRICT_OBJC_MSGSEND = YES;
				ENABLE_TESTABILITY = YES;
				GCC_C_LANGUAGE_STANDARD = gnu11;
				GCC_DYNAMIC_NO_PIC = NO;
				GCC_NO_COMMON_BLOCKS = YES;
				GCC_OPTIMIZATION_LEVEL = 0;
				GCC_PREPROCESSOR_DEFINITIONS = (
					"DEBUG=1",
					"$(inherited)",
				);
				GCC_WARN_64_TO_32_BIT_CONVERSION = YES;
				GCC_WARN_ABOUT_RETURN_TYPE = YES_ERROR;
				GCC_WARN_UNDECLARED_SELECTOR = YES;
				GCC_WARN_UNINITIALIZED_AUTOS = YES_AGGRESSIVE;
				GCC_WARN_UNUSED_FUNCTION = YES;
				GCC_WARN_UNUSED_VARIABLE = YES;
				IPHONEOS_DEPLOYMENT_TARGET = 12.1;
				MTL_ENABLE_DEBUG_INFO = INCLUDE_SOURCE;
				MTL_FAST_MATH = YES;
				ONLY_ACTIVE_ARCH = YES;
				SDKROOT = iphoneos;
				SWIFT_ACTIVE_COMPILATION_CONDITIONS = DEBUG;
				SWIFT_OPTIMIZATION_LEVEL = "-Onone";
			};
			name = Debug;
		};
		6CE2F89722BAAE0800ABB840 /* Release */ = {
			isa = XCBuildConfiguration;
			buildSettings = {
				ALWAYS_SEARCH_USER_PATHS = NO;
				CLANG_ANALYZER_NONNULL = YES;
				CLANG_ANALYZER_NUMBER_OBJECT_CONVERSION = YES_AGGRESSIVE;
				CLANG_CXX_LANGUAGE_STANDARD = "gnu++14";
				CLANG_CXX_LIBRARY = "libc++";
				CLANG_ENABLE_MODULES = YES;
				CLANG_ENABLE_OBJC_ARC = YES;
				CLANG_ENABLE_OBJC_WEAK = YES;
				CLANG_WARN_BLOCK_CAPTURE_AUTORELEASING = YES;
				CLANG_WARN_BOOL_CONVERSION = YES;
				CLANG_WARN_COMMA = YES;
				CLANG_WARN_CONSTANT_CONVERSION = YES;
				CLANG_WARN_DEPRECATED_OBJC_IMPLEMENTATIONS = YES;
				CLANG_WARN_DIRECT_OBJC_ISA_USAGE = YES_ERROR;
				CLANG_WARN_DOCUMENTATION_COMMENTS = YES;
				CLANG_WARN_EMPTY_BODY = YES;
				CLANG_WARN_ENUM_CONVERSION = YES;
				CLANG_WARN_INFINITE_RECURSION = YES;
				CLANG_WARN_INT_CONVERSION = YES;
				CLANG_WARN_NON_LITERAL_NULL_CONVERSION = YES;
				CLANG_WARN_OBJC_IMPLICIT_RETAIN_SELF = YES;
				CLANG_WARN_OBJC_LITERAL_CONVERSION = YES;
				CLANG_WARN_OBJC_ROOT_CLASS = YES_ERROR;
				CLANG_WARN_RANGE_LOOP_ANALYSIS = YES;
				CLANG_WARN_STRICT_PROTOTYPES = YES;
				CLANG_WARN_SUSPICIOUS_MOVE = YES;
				CLANG_WARN_UNGUARDED_AVAILABILITY = YES_AGGRESSIVE;
				CLANG_WARN_UNREACHABLE_CODE = YES;
				CLANG_WARN__DUPLICATE_METHOD_MATCH = YES;
				CODE_SIGN_IDENTITY = "iPhone Developer";
				COPY_PHASE_STRIP = NO;
				DEBUG_INFORMATION_FORMAT = "dwarf-with-dsym";
				ENABLE_NS_ASSERTIONS = NO;
				ENABLE_STRICT_OBJC_MSGSEND = YES;
				GCC_C_LANGUAGE_STANDARD = gnu11;
				GCC_NO_COMMON_BLOCKS = YES;
				GCC_WARN_64_TO_32_BIT_CONVERSION = YES;
				GCC_WARN_ABOUT_RETURN_TYPE = YES_ERROR;
				GCC_WARN_UNDECLARED_SELECTOR = YES;
				GCC_WARN_UNINITIALIZED_AUTOS = YES_AGGRESSIVE;
				GCC_WARN_UNUSED_FUNCTION = YES;
				GCC_WARN_UNUSED_VARIABLE = YES;
				IPHONEOS_DEPLOYMENT_TARGET = 12.1;
				MTL_ENABLE_DEBUG_INFO = NO;
				MTL_FAST_MATH = YES;
				SDKROOT = iphoneos;
				SWIFT_COMPILATION_MODE = wholemodule;
				SWIFT_OPTIMIZATION_LEVEL = "-O";
				VALIDATE_PRODUCT = YES;
			};
			name = Release;
		};
		6CE2F89922BAAE0800ABB840 /* Debug */ = {
			isa = XCBuildConfiguration;
			baseConfigurationReference = 849DE80994446F068ABBBBDB /* Pods-MedKit.debug.xcconfig */;
			buildSettings = {
				ASSETCATALOG_COMPILER_APPICON_NAME = AppIcon;
				CODE_SIGN_STYLE = Automatic;
				DEVELOPMENT_TEAM = G48LL7L4X6;
				INFOPLIST_FILE = MedKit/Info.plist;
				IPHONEOS_DEPLOYMENT_TARGET = 11.0;
				LD_RUNPATH_SEARCH_PATHS = (
					"$(inherited)",
					"@executable_path/Frameworks",
				);
				PRODUCT_BUNDLE_IDENTIFIER = com.medkit.user.MedKit;
				PRODUCT_NAME = "$(TARGET_NAME)";
				SWIFT_VERSION = 4.2;
				TARGETED_DEVICE_FAMILY = "1,2";
			};
			name = Debug;
		};
		6CE2F89A22BAAE0800ABB840 /* Release */ = {
			isa = XCBuildConfiguration;
			baseConfigurationReference = 49C48FDE64DAACF6842ADBD3 /* Pods-MedKit.release.xcconfig */;
			buildSettings = {
				ASSETCATALOG_COMPILER_APPICON_NAME = AppIcon;
				CODE_SIGN_STYLE = Automatic;
				DEVELOPMENT_TEAM = G48LL7L4X6;
				INFOPLIST_FILE = MedKit/Info.plist;
				IPHONEOS_DEPLOYMENT_TARGET = 11.0;
				LD_RUNPATH_SEARCH_PATHS = (
					"$(inherited)",
					"@executable_path/Frameworks",
				);
				PRODUCT_BUNDLE_IDENTIFIER = com.medkit.user.MedKit;
				PRODUCT_NAME = "$(TARGET_NAME)";
				SWIFT_VERSION = 4.2;
				TARGETED_DEVICE_FAMILY = "1,2";
			};
			name = Release;
		};
		6CE2F89C22BAAE0800ABB840 /* Debug */ = {
			isa = XCBuildConfiguration;
			baseConfigurationReference = 983866AE4E6719AC3DFEF3D3 /* Pods-MedKitTests.debug.xcconfig */;
			buildSettings = {
				ALWAYS_EMBED_SWIFT_STANDARD_LIBRARIES = YES;
				BUNDLE_LOADER = "$(TEST_HOST)";
				CODE_SIGN_STYLE = Automatic;
				INFOPLIST_FILE = MedKitTests/Info.plist;
				LD_RUNPATH_SEARCH_PATHS = (
					"$(inherited)",
					"@executable_path/Frameworks",
					"@loader_path/Frameworks",
				);
				PRODUCT_BUNDLE_IDENTIFIER = com.medkit.user.MedKitTests;
				PRODUCT_NAME = "$(TARGET_NAME)";
				SWIFT_VERSION = 4.2;
				TARGETED_DEVICE_FAMILY = "1,2";
				TEST_HOST = "$(BUILT_PRODUCTS_DIR)/MedKit.app/MedKit";
			};
			name = Debug;
		};
		6CE2F89D22BAAE0800ABB840 /* Release */ = {
			isa = XCBuildConfiguration;
			baseConfigurationReference = 9586B1EF845DCBECEB477D2D /* Pods-MedKitTests.release.xcconfig */;
			buildSettings = {
				ALWAYS_EMBED_SWIFT_STANDARD_LIBRARIES = YES;
				BUNDLE_LOADER = "$(TEST_HOST)";
				CODE_SIGN_STYLE = Automatic;
				INFOPLIST_FILE = MedKitTests/Info.plist;
				LD_RUNPATH_SEARCH_PATHS = (
					"$(inherited)",
					"@executable_path/Frameworks",
					"@loader_path/Frameworks",
				);
				PRODUCT_BUNDLE_IDENTIFIER = com.medkit.user.MedKitTests;
				PRODUCT_NAME = "$(TARGET_NAME)";
				SWIFT_VERSION = 4.2;
				TARGETED_DEVICE_FAMILY = "1,2";
				TEST_HOST = "$(BUILT_PRODUCTS_DIR)/MedKit.app/MedKit";
			};
			name = Release;
		};
		6CE2F89F22BAAE0800ABB840 /* Debug */ = {
			isa = XCBuildConfiguration;
			baseConfigurationReference = 8CB2359C522F2859043CE885 /* Pods-MedKitUITests.debug.xcconfig */;
			buildSettings = {
				ALWAYS_EMBED_SWIFT_STANDARD_LIBRARIES = YES;
				CODE_SIGN_STYLE = Automatic;
				INFOPLIST_FILE = MedKitUITests/Info.plist;
				LD_RUNPATH_SEARCH_PATHS = (
					"$(inherited)",
					"@executable_path/Frameworks",
					"@loader_path/Frameworks",
				);
				PRODUCT_BUNDLE_IDENTIFIER = com.medkit.user.MedKitUITests;
				PRODUCT_NAME = "$(TARGET_NAME)";
				SWIFT_VERSION = 4.2;
				TARGETED_DEVICE_FAMILY = "1,2";
				TEST_TARGET_NAME = MedKit;
			};
			name = Debug;
		};
		6CE2F8A022BAAE0800ABB840 /* Release */ = {
			isa = XCBuildConfiguration;
			baseConfigurationReference = 6FB7560178C7AB71F1FD8156 /* Pods-MedKitUITests.release.xcconfig */;
			buildSettings = {
				ALWAYS_EMBED_SWIFT_STANDARD_LIBRARIES = YES;
				CODE_SIGN_STYLE = Automatic;
				INFOPLIST_FILE = MedKitUITests/Info.plist;
				LD_RUNPATH_SEARCH_PATHS = (
					"$(inherited)",
					"@executable_path/Frameworks",
					"@loader_path/Frameworks",
				);
				PRODUCT_BUNDLE_IDENTIFIER = com.medkit.user.MedKitUITests;
				PRODUCT_NAME = "$(TARGET_NAME)";
				SWIFT_VERSION = 4.2;
				TARGETED_DEVICE_FAMILY = "1,2";
				TEST_TARGET_NAME = MedKit;
			};
			name = Release;
		};
/* End XCBuildConfiguration section */

/* Begin XCConfigurationList section */
		6CE2F86822BAAE0600ABB840 /* Build configuration list for PBXProject "MedKit" */ = {
			isa = XCConfigurationList;
			buildConfigurations = (
				6CE2F89622BAAE0800ABB840 /* Debug */,
				6CE2F89722BAAE0800ABB840 /* Release */,
			);
			defaultConfigurationIsVisible = 0;
			defaultConfigurationName = Release;
		};
		6CE2F89822BAAE0800ABB840 /* Build configuration list for PBXNativeTarget "MedKit" */ = {
			isa = XCConfigurationList;
			buildConfigurations = (
				6CE2F89922BAAE0800ABB840 /* Debug */,
				6CE2F89A22BAAE0800ABB840 /* Release */,
			);
			defaultConfigurationIsVisible = 0;
			defaultConfigurationName = Release;
		};
		6CE2F89B22BAAE0800ABB840 /* Build configuration list for PBXNativeTarget "MedKitTests" */ = {
			isa = XCConfigurationList;
			buildConfigurations = (
				6CE2F89C22BAAE0800ABB840 /* Debug */,
				6CE2F89D22BAAE0800ABB840 /* Release */,
			);
			defaultConfigurationIsVisible = 0;
			defaultConfigurationName = Release;
		};
		6CE2F89E22BAAE0800ABB840 /* Build configuration list for PBXNativeTarget "MedKitUITests" */ = {
			isa = XCConfigurationList;
			buildConfigurations = (
				6CE2F89F22BAAE0800ABB840 /* Debug */,
				6CE2F8A022BAAE0800ABB840 /* Release */,
			);
			defaultConfigurationIsVisible = 0;
			defaultConfigurationName = Release;
		};
/* End XCConfigurationList section */

/* Begin XCVersionGroup section */
		6CE2F87722BAAE0600ABB840 /* MedKit.xcdatamodeld */ = {
			isa = XCVersionGroup;
			children = (
				6CE2F87822BAAE0600ABB840 /* MedKit.xcdatamodel */,
			);
			currentVersion = 6CE2F87822BAAE0600ABB840 /* MedKit.xcdatamodel */;
			path = MedKit.xcdatamodeld;
			sourceTree = "<group>";
			versionGroupType = wrapper.xcdatamodel;
		};
/* End XCVersionGroup section */
	};
	rootObject = 6CE2F86522BAAE0600ABB840 /* Project object */;
}
